
Microsoft Visual Studio Solution File, Format Version 12.00
# Visual Studio Version 16
VisualStudioVersion = 16.0.28803.352
MinimumVisualStudioVersion = 10.0.40219.1
Project("{FAE04EC0-301F-11D3-BF4B-00C04F79EFBC}") = "probleme-gestion-dons", "probleme-gestion-dons\probleme-gestion-dons.csproj", "{083AC6F5-EBB3-4AD7-8337-4BD2CAFED4E7}"
EndProject
Global
	GlobalSection(SolutionConfigurationPlatforms) = preSolution
		Debug|Any CPU = Debug|Any CPU
		Release|Any CPU = Release|Any CPU
	EndGlobalSection
	GlobalSection(ProjectConfigurationPlatforms) = postSolution
		{083AC6F5-EBB3-4AD7-8337-4BD2CAFED4E7}.Debug|Any CPU.ActiveCfg = Debug|Any CPU
		{083AC6F5-EBB3-4AD7-8337-4BD2CAFED4E7}.Debug|Any CPU.Build.0 = Debug|Any CPU
		{083AC6F5-EBB3-4AD7-8337-4BD2CAFED4E7}.Release|Any CPU.ActiveCfg = Release|Any CPU
		{083AC6F5-EBB3-4AD7-8337-4BD2CAFED4E7}.Release|Any CPU.Build.0 = Release|Any CPU
	EndGlobalSection
	GlobalSection(SolutionProperties) = preSolution
		HideSolutionNode = FALSE
	EndGlobalSection
	GlobalSection(ExtensibilityGlobals) = postSolution
		SolutionGuid = {0E3B08C6-A5CD-40FE-9894-67A7068BC264}
	EndGlobalSection
EndGlobal
